
Microsoft Visual Studio Solution File, Format Version 12.00
# Visual Studio Version 17
VisualStudioVersion = 17.8.34525.116
MinimumVisualStudioVersion = 10.0.40219.1
Project("{9A19103F-16F7-4668-BE54-9A1E7A4F7556}") = "InMemory.Caching", "InMemory.Caching\InMemory.Caching.csproj", "{EBCD38D7-1B47-4447-9A35-CB3A5B65F210}"
EndProject
Project("{FAE04EC0-301F-11D3-BF4B-00C04F79EFBC}") = "Distributed.Caching", "Distributed.Caching\Distributed.Caching.csproj", "{563DA7C1-E22B-4B45-9B0E-90CBFEA426BD}"
EndProject
Global
	GlobalSection(SolutionConfigurationPlatforms) = preSolution
		Debug|Any CPU = Debug|Any CPU
		Release|Any CPU = Release|Any CPU
	EndGlobalSection
	GlobalSection(ProjectConfigurationPlatforms) = postSolution
		{EBCD38D7-1B47-4447-9A35-CB3A5B65F210}.Debug|Any CPU.ActiveCfg = Debug|Any CPU
		{EBCD38D7-1B47-4447-9A35-CB3A5B65F210}.Debug|Any CPU.Build.0 = Debug|Any CPU
		{EBCD38D7-1B47-4447-9A35-CB3A5B65F210}.Release|Any CPU.ActiveCfg = Release|Any CPU
		{EBCD38D7-1B47-4447-9A35-CB3A5B65F210}.Release|Any CPU.Build.0 = Release|Any CPU
		{563DA7C1-E22B-4B45-9B0E-90CBFEA426BD}.Debug|Any CPU.ActiveCfg = Debug|Any CPU
		{563DA7C1-E22B-4B45-9B0E-90CBFEA426BD}.Debug|Any CPU.Build.0 = Debug|Any CPU
		{563DA7C1-E22B-4B45-9B0E-90CBFEA426BD}.Release|Any CPU.ActiveCfg = Release|Any CPU
		{563DA7C1-E22B-4B45-9B0E-90CBFEA426BD}.Release|Any CPU.Build.0 = Release|Any CPU
	EndGlobalSection
	GlobalSection(SolutionProperties) = preSolution
		HideSolutionNode = FALSE
	EndGlobalSection
	GlobalSection(ExtensibilityGlobals) = postSolution
		SolutionGuid = {A76EFD20-0281-4D96-B00F-C870E4AD04C8}
	EndGlobalSection
EndGlobal
